
Microsoft Visual Studio Solution File, Format Version 12.00
# Visual Studio Version 16
VisualStudioVersion = 16.0.29230.47
MinimumVisualStudioVersion = 10.0.40219.1
Project("{FAE04EC0-301F-11D3-BF4B-00C04F79EFBC}") = "Menu", "Menu\Menu.csproj", "{F834C606-FB41-42E9-9C9E-2171CB1D9EBE}"
EndProject
Global
	GlobalSection(SolutionConfigurationPlatforms) = preSolution
		Debug|Any CPU = Debug|Any CPU
		Release|Any CPU = Release|Any CPU
	EndGlobalSection
	GlobalSection(ProjectConfigurationPlatforms) = postSolution
		{F834C606-FB41-42E9-9C9E-2171CB1D9EBE}.Debug|Any CPU.ActiveCfg = Debug|Any CPU
		{F834C606-FB41-42E9-9C9E-2171CB1D9EBE}.Debug|Any CPU.Build.0 = Debug|Any CPU
		{F834C606-FB41-42E9-9C9E-2171CB1D9EBE}.Release|Any CPU.ActiveCfg = Release|Any CPU
		{F834C606-FB41-42E9-9C9E-2171CB1D9EBE}.Release|Any CPU.Build.0 = Release|Any CPU
	EndGlobalSection
	GlobalSection(SolutionProperties) = preSolution
		HideSolutionNode = FALSE
	EndGlobalSection
	GlobalSection(ExtensibilityGlobals) = postSolution
		SolutionGuid = {47F60FAB-4EAF-48F9-8D83-9E4CAD358883}
	EndGlobalSection
EndGlobal
